
Microsoft Visual Studio Solution File, Format Version 12.00
# Visual Studio Version 16
VisualStudioVersion = 16.0.32106.194
MinimumVisualStudioVersion = 10.0.40219.1
Project("{FAE04EC0-301F-11D3-BF4B-00C04F79EFBC}") = "ihateniggers", "ihateniggers\ihateniggers.csproj", "{0A0D0D82-531F-4220-9FC4-B9139C1D299A}"
EndProject
Global
	GlobalSection(SolutionConfigurationPlatforms) = preSolution
		Debug|Any CPU = Debug|Any CPU
		Release|Any CPU = Release|Any CPU
	EndGlobalSection
	GlobalSection(ProjectConfigurationPlatforms) = postSolution
		{0A0D0D82-531F-4220-9FC4-B9139C1D299A}.Debug|Any CPU.ActiveCfg = Debug|Any CPU
		{0A0D0D82-531F-4220-9FC4-B9139C1D299A}.Debug|Any CPU.Build.0 = Debug|Any CPU
		{0A0D0D82-531F-4220-9FC4-B9139C1D299A}.Release|Any CPU.ActiveCfg = Release|Any CPU
		{0A0D0D82-531F-4220-9FC4-B9139C1D299A}.Release|Any CPU.Build.0 = Release|Any CPU
	EndGlobalSection
	GlobalSection(SolutionProperties) = preSolution
		HideSolutionNode = FALSE
	EndGlobalSection
	GlobalSection(ExtensibilityGlobals) = postSolution
		SolutionGuid = {1A7569F0-6A42-4D0B-A433-98B182570AFC}
	EndGlobalSection
EndGlobal
